github.com/McShelby/hugo-theme-relearn v0.0.0-20260116220942-98ffbfc32192 h1:Sdzuru6aVGnpbb3i965GyaGBImrwxF9lrHjYRT4GrsY=
github.com/McShelby/hugo-theme-relearn v0.0.0-20260116220942-98ffbfc32192/go.mod h1:mKQQdxZNIlLvAj8X3tMq+RzntIJSr9z7XdzuMomt0IM=
github.com/McShelby/hugo-theme-relearn v0.0.0-20260913145329-4d96fe77a427 h1:JzhuZkxRJ8NUc4Hrzyg3VYiBY55CWFWTyy4TCsHJb60=
github.com/McShelby/hugo-theme-relearn v0.0.0-20260913145329-4d96fe77a427/go.mod h1:mKQQdxZNIlLvAj8X3tMq+RzntIJSr9z7XdzuMomt0IM=
